generation=7
e127679808fc4c47f74d25d00278592b8cf5f22ce947f163679fd180312ec03c  shim/arm64-v8a/libsteamclient.so
b75e8871ff68791fe186c70e23fee7b3993bc37bf6d58d7bbf0f48638cfe3e02  hook/classes.dex
30c7653e1a2bc958ea1b2554323960a8149cd9c7820f4f9c8afa50d6064d6503  xrlayer/arm64-v8a/libXrApiLayer_gameport.so
0b72f11b0009e1cb4d3a4d2136b7a773cab7db3691ac7a6c65a32e5a7a43b1c5  xrloader/arm64-v8a/libopenxr_loader.so
