generation=3
b164ff8e70ed871e7883437d7e24e6b4d9fd6780da1e73f0dde94a44b7b57c96  shim/arm64-v8a/libsteamclient.so
88a6f73e3f29ca57e269764cc9ea9df5fe5b940973d7c5212ebacb7cafe0ca43  hook/classes.dex
3d78ef94fe5274e499f8eeae3af5009afb67ad08ec352a2ee2253f812d8a6e05  xrlayer/arm64-v8a/libXrApiLayer_gameport.so
0b72f11b0009e1cb4d3a4d2136b7a773cab7db3691ac7a6c65a32e5a7a43b1c5  xrloader/arm64-v8a/libopenxr_loader.so
